// !$*UTF8*$!
{
	archiveVersion = 1;
	classes = {
	};
	objectVersion = 51;
	objects = {

/* Begin PBXBuildFile section */
		CAF2512FEAB130E0325CAF52 /* Pods_TerraChallenge.framework in Frameworks */ = {isa = PBXBuildFile; fileRef = CA7AF24541159691B40BEA74 /* Pods_TerraChallenge.framework */; };
		E54DDE27273037A300A23FA0 /* BarChart.swift in Sources */ = {isa = PBXBuildFile; fileRef = E54DDE26273037A300A23FA0 /* BarChart.swift */; };
		E54DDE2C2730485D00A23FA0 /* Objects.swift in Sources */ = {isa = PBXBuildFile; fileRef = E54DDE2B2730485D00A23FA0 /* Objects.swift */; };
		E54DDE2E27304C3900A23FA0 /* HTTPRequest.swift in Sources */ = {isa = PBXBuildFile; fileRef = E54DDE2D27304C3900A23FA0 /* HTTPRequest.swift */; };
		E54DDE3027304C6400A23FA0 /* Credentials.swift in Sources */ = {isa = PBXBuildFile; fileRef = E54DDE2F27304C6400A23FA0 /* Credentials.swift */; };
		E55DA89A273196A8009EEE19 /* SummaryCard.swift in Sources */ = {isa = PBXBuildFile; fileRef = E55DA899273196A8009EEE19 /* SummaryCard.swift */; };
		E55DA89E2731A280009EEE19 /* Activity.swift in Sources */ = {isa = PBXBuildFile; fileRef = E55DA89D2731A280009EEE19 /* Activity.swift */; };
		E55DA8A02731A28D009EEE19 /* Stress.swift in Sources */ = {isa = PBXBuildFile; fileRef = E55DA89F2731A28D009EEE19 /* Stress.swift */; };
		E55DA8A22731A2A3009EEE19 /* MET.swift in Sources */ = {isa = PBXBuildFile; fileRef = E55DA8A12731A2A3009EEE19 /* MET.swift */; };
		E55DA8A42731A2B6009EEE19 /* HeartRate.swift in Sources */ = {isa = PBXBuildFile; fileRef = E55DA8A32731A2B6009EEE19 /* HeartRate.swift */; };
		E55DA8A62731A2C6009EEE19 /* Distance.swift in Sources */ = {isa = PBXBuildFile; fileRef = E55DA8A52731A2C6009EEE19 /* Distance.swift */; };
		E55DA8A82731A2D0009EEE19 /* Calories.swift in Sources */ = {isa = PBXBuildFile; fileRef = E55DA8A72731A2D0009EEE19 /* Calories.swift */; };
		E55DA8AA2731A31F009EEE19 /* OtherData.swift in Sources */ = {isa = PBXBuildFile; fileRef = E55DA8A92731A31F009EEE19 /* OtherData.swift */; };
		E55DA8AC2731A32E009EEE19 /* DailyData.swift in Sources */ = {isa = PBXBuildFile; fileRef = E55DA8AB2731A32E009EEE19 /* DailyData.swift */; };
		E55DA8AE2731A337009EEE19 /* APIs.swift in Sources */ = {isa = PBXBuildFile; fileRef = E55DA8AD2731A337009EEE19 /* APIs.swift */; };
		E55DA8B02731AA68009EEE19 /* Functions.swift in Sources */ = {isa = PBXBuildFile; fileRef = E55DA8AF2731AA68009EEE19 /* Functions.swift */; };
		E595F2CD2730358A003013B3 /* AppDelegate.swift in Sources */ = {isa = PBXBuildFile; fileRef = E595F2CC2730358A003013B3 /* AppDelegate.swift */; };
		E595F2CF2730358A003013B3 /* SceneDelegate.swift in Sources */ = {isa = PBXBuildFile; fileRef = E595F2CE2730358A003013B3 /* SceneDelegate.swift */; };
		E595F2D12730358A003013B3 /* ContentView.swift in Sources */ = {isa = PBXBuildFile; fileRef = E595F2D02730358A003013B3 /* ContentView.swift */; };
		E595F2D32730358C003013B3 /* Assets.xcassets in Resources */ = {isa = PBXBuildFile; fileRef = E595F2D22730358C003013B3 /* Assets.xcassets */; };
		E595F2D62730358C003013B3 /* Preview Assets.xcassets in Resources */ = {isa = PBXBuildFile; fileRef = E595F2D52730358C003013B3 /* Preview Assets.xcassets */; };
		E595F2D92730358C003013B3 /* LaunchScreen.storyboard in Resources */ = {isa = PBXBuildFile; fileRef = E595F2D72730358C003013B3 /* LaunchScreen.storyboard */; };
/* End PBXBuildFile section */

/* Begin PBXFileReference section */
		0C62E3824FEB2A360B320A53 /* Pods-TerraChallenge.debug.xcconfig */ = {isa = PBXFileReference; includeInIndex = 1; lastKnownFileType = text.xcconfig; name = "Pods-TerraChallenge.debug.xcconfig"; path = "Target Support Files/Pods-TerraChallenge/Pods-TerraChallenge.debug.xcconfig"; sourceTree = "<group>"; };
		2360FE735C6EA4E0E7A9C9DF /* Pods-TerraChallenge.release.xcconfig */ = {isa = PBXFileReference; includeInIndex = 1; lastKnownFileType = text.xcconfig; name = "Pods-TerraChallenge.release.xcconfig"; path = "Target Support Files/Pods-TerraChallenge/Pods-TerraChallenge.release.xcconfig"; sourceTree = "<group>"; };
		CA7AF24541159691B40BEA74 /* Pods_TerraChallenge.framework */ = {isa = PBXFileReference; explicitFileType = wrapper.framework; includeInIndex = 0; path = Pods_TerraChallenge.framework; sourceTree = BUILT_PRODUCTS_DIR; };
		E54DDE26273037A300A23FA0 /* BarChart.swift */ = {isa = PBXFileReference; lastKnownFileType = sourcecode.swift; path = BarChart.swift; sourceTree = "<group>"; };
		E54DDE2B2730485D00A23FA0 /* Objects.swift */ = {isa = PBXFileReference; lastKnownFileType = sourcecode.swift; path = Objects.swift; sourceTree = "<group>"; };
		E54DDE2D27304C3900A23FA0 /* HTTPRequest.swift */ = {isa = PBXFileReference; lastKnownFileType = sourcecode.swift; path = HTTPRequest.swift; sourceTree = "<group>"; };
		E54DDE2F27304C6400A23FA0 /* Credentials.swift */ = {isa = PBXFileReference; lastKnownFileType = sourcecode.swift; path = Credentials.swift; sourceTree = "<group>"; };
		E55DA899273196A8009EEE19 /* SummaryCard.swift */ = {isa = PBXFileReference; lastKnownFileType = sourcecode.swift; path = SummaryCard.swift; sourceTree = "<group>"; };
		E55DA89D2731A280009EEE19 /* Activity.swift */ = {isa = PBXFileReference; lastKnownFileType = sourcecode.swift; path = Activity.swift; sourceTree = "<group>"; };
		E55DA89F2731A28D009EEE19 /* Stress.swift */ = {isa = PBXFileReference; lastKnownFileType = sourcecode.swift; path = Stress.swift; sourceTree = "<group>"; };
		E55DA8A12731A2A3009EEE19 /* MET.swift */ = {isa = PBXFileReference; lastKnownFileType = sourcecode.swift; path = MET.swift; sourceTree = "<group>"; };
		E55DA8A32731A2B6009EEE19 /* HeartRate.swift */ = {isa = PBXFileReference; lastKnownFileType = sourcecode.swift; path = HeartRate.swift; sourceTree = "<group>"; };
		E55DA8A52731A2C6009EEE19 /* Distance.swift */ = {isa = PBXFileReference; lastKnownFileType = sourcecode.swift; path = Distance.swift; sourceTree = "<group>"; };
		E55DA8A72731A2D0009EEE19 /* Calories.swift */ = {isa = PBXFileReference; lastKnownFileType = sourcecode.swift; path = Calories.swift; sourceTree = "<group>"; };
		E55DA8A92731A31F009EEE19 /* OtherData.swift */ = {isa = PBXFileReference; lastKnownFileType = sourcecode.swift; path = OtherData.swift; sourceTree = "<group>"; };
		E55DA8AB2731A32E009EEE19 /* DailyData.swift */ = {isa = PBXFileReference; lastKnownFileType = sourcecode.swift; path = DailyData.swift; sourceTree = "<group>"; };
		E55DA8AD2731A337009EEE19 /* APIs.swift */ = {isa = PBXFileReference; lastKnownFileType = sourcecode.swift; path = APIs.swift; sourceTree = "<group>"; };
		E55DA8AF2731AA68009EEE19 /* Functions.swift */ = {isa = PBXFileReference; lastKnownFileType = sourcecode.swift; path = Functions.swift; sourceTree = "<group>"; };
		E595F2C92730358A003013B3 /* TerraChallenge.app */ = {isa = PBXFileReference; explicitFileType = wrapper.application; includeInIndex = 0; path = TerraChallenge.app; sourceTree = BUILT_PRODUCTS_DIR; };
		E595F2CC2730358A003013B3 /* AppDelegate.swift */ = {isa = PBXFileReference; lastKnownFileType = sourcecode.swift; path = AppDelegate.swift; sourceTree = "<group>"; };
		E595F2CE2730358A003013B3 /* SceneDelegate.swift */ = {isa = PBXFileReference; lastKnownFileType = sourcecode.swift; path = SceneDelegate.swift; sourceTree = "<group>"; };
		E595F2D02730358A003013B3 /* ContentView.swift */ = {isa = PBXFileReference; lastKnownFileType = sourcecode.swift; path = ContentView.swift; sourceTree = "<group>"; };
		E595F2D22730358C003013B3 /* Assets.xcassets */ = {isa = PBXFileReference; lastKnownFileType = folder.assetcatalog; path = Assets.xcassets; sourceTree = "<group>"; };
		E595F2D52730358C003013B3 /* Preview Assets.xcassets */ = {isa = PBXFileReference; lastKnownFileType = folder.assetcatalog; path = "Preview Assets.xcassets"; sourceTree = "<group>"; };
		E595F2D82730358C003013B3 /* Base */ = {isa = PBXFileReference; lastKnownFileType = file.storyboard; name = Base; path = Base.lproj/LaunchScreen.storyboard; sourceTree = "<group>"; };
		E595F2DA2730358C003013B3 /* Info.plist */ = {isa = PBXFileReference; lastKnownFileType = text.plist.xml; path = Info.plist; sourceTree = "<group>"; };
/* End PBXFileReference section */

/* Begin PBXFrameworksBuildPhase section */
		E595F2C62730358A003013B3 /* Frameworks */ = {
			isa = PBXFrameworksBuildPhase;
			buildActionMask = 2147483647;
			files = (
				CAF2512FEAB130E0325CAF52 /* Pods_TerraChallenge.framework in Frameworks */,
			);
			runOnlyForDeploymentPostprocessing = 0;
		};
/* End PBXFrameworksBuildPhase section */

/* Begin PBXGroup section */
		625AF2CABD687DA66AD6043F /* Frameworks */ = {
			isa = PBXGroup;
			children = (
				CA7AF24541159691B40BEA74 /* Pods_TerraChallenge.framework */,
			);
			name = Frameworks;
			sourceTree = "<group>";
		};
		8BC772C40F45703E75D5B01E /* Pods */ = {
			isa = PBXGroup;
			children = (
				0C62E3824FEB2A360B320A53 /* Pods-TerraChallenge.debug.xcconfig */,
				2360FE735C6EA4E0E7A9C9DF /* Pods-TerraChallenge.release.xcconfig */,
			);
			path = Pods;
			sourceTree = "<group>";
		};
		E55DA89B2731A243009EEE19 /* Helpers */ = {
			isa = PBXGroup;
			children = (
				E55DA8AF2731AA68009EEE19 /* Functions.swift */,
				E54DDE2B2730485D00A23FA0 /* Objects.swift */,
				E54DDE2F27304C6400A23FA0 /* Credentials.swift */,
				E55DA89C2731A273009EEE19 /* Structures */,
			);
			path = Helpers;
			sourceTree = "<group>";
		};
		E55DA89C2731A273009EEE19 /* Structures */ = {
			isa = PBXGroup;
			children = (
				E55DA8AD2731A337009EEE19 /* APIs.swift */,
				E55DA89D2731A280009EEE19 /* Activity.swift */,
				E55DA89F2731A28D009EEE19 /* Stress.swift */,
				E55DA8A12731A2A3009EEE19 /* MET.swift */,
				E55DA8A32731A2B6009EEE19 /* HeartRate.swift */,
				E55DA8A52731A2C6009EEE19 /* Distance.swift */,
				E55DA8A72731A2D0009EEE19 /* Calories.swift */,
				E55DA8A92731A31F009EEE19 /* OtherData.swift */,
				E55DA8AB2731A32E009EEE19 /* DailyData.swift */,
			);
			path = Structures;
			sourceTree = "<group>";
		};
		E595F2C02730358A003013B3 = {
			isa = PBXGroup;
			children = (
				E595F2CB2730358A003013B3 /* TerraChallenge */,
				E595F2CA2730358A003013B3 /* Products */,
				8BC772C40F45703E75D5B01E /* Pods */,
				625AF2CABD687DA66AD6043F /* Frameworks */,
			);
			sourceTree = "<group>";
		};
		E595F2CA2730358A003013B3 /* Products */ = {
			isa = PBXGroup;
			children = (
				E595F2C92730358A003013B3 /* TerraChallenge.app */,
			);
			name = Products;
			sourceTree = "<group>";
		};
		E595F2CB2730358A003013B3 /* TerraChallenge */ = {
			isa = PBXGroup;
			children = (
				E55DA89B2731A243009EEE19 /* Helpers */,
				E595F2CC2730358A003013B3 /* AppDelegate.swift */,
				E595F2CE2730358A003013B3 /* SceneDelegate.swift */,
				E595F2D02730358A003013B3 /* ContentView.swift */,
				E595F2D22730358C003013B3 /* Assets.xcassets */,
				E595F2D72730358C003013B3 /* LaunchScreen.storyboard */,
				E595F2DA2730358C003013B3 /* Info.plist */,
				E595F2D42730358C003013B3 /* Preview Content */,
				E54DDE26273037A300A23FA0 /* BarChart.swift */,
				E54DDE2D27304C3900A23FA0 /* HTTPRequest.swift */,
				E55DA899273196A8009EEE19 /* SummaryCard.swift */,
			);
			path = TerraChallenge;
			sourceTree = "<group>";
		};
		E595F2D42730358C003013B3 /* Preview Content */ = {
			isa = PBXGroup;
			children = (
				E595F2D52730358C003013B3 /* Preview Assets.xcassets */,
			);
			path = "Preview Content";
			sourceTree = "<group>";
		};
/* End PBXGroup section */

/* Begin PBXNativeTarget section */
		E595F2C82730358A003013B3 /* TerraChallenge */ = {
			isa = PBXNativeTarget;
			buildConfigurationList = E595F2DD2730358C003013B3 /* Build configuration list for PBXNativeTarget "TerraChallenge" */;
			buildPhases = (
				C03EB7CE4B8DBD620D19BA86 /* [CP] Check Pods Manifest.lock */,
				E595F2C52730358A003013B3 /* Sources */,
				E595F2C62730358A003013B3 /* Frameworks */,
				E595F2C72730358A003013B3 /* Resources */,
				43B99F7B3B410EF8D5C0082E /* [CP] Embed Pods Frameworks */,
			);
			buildRules = (
			);
			dependencies = (
			);
			name = TerraChallenge;
			productName = TerraChallenge;
			productReference = E595F2C92730358A003013B3 /* TerraChallenge.app */;
			productType = "com.apple.product-type.application";
		};
/* End PBXNativeTarget section */

/* Begin PBXProject section */
		E595F2C12730358A003013B3 /* Project object */ = {
			isa = PBXProject;
			attributes = {
				LastSwiftUpdateCheck = 1250;
				LastUpgradeCheck = 1250;
				TargetAttributes = {
					E595F2C82730358A003013B3 = {
						CreatedOnToolsVersion = 12.5.1;
					};
				};
			};
			buildConfigurationList = E595F2C42730358A003013B3 /* Build configuration list for PBXProject "TerraChallenge" */;
			compatibilityVersion = "Xcode 9.3";
			developmentRegion = en;
			hasScannedForEncodings = 0;
			knownRegions = (
				en,
				Base,
			);
			mainGroup = E595F2C02730358A003013B3;
			productRefGroup = E595F2CA2730358A003013B3 /* Products */;
			projectDirPath = "";
			projectRoot = "";
			targets = (
				E595F2C82730358A003013B3 /* TerraChallenge */,
			);
		};
/* End PBXProject section */

/* Begin PBXResourcesBuildPhase section */
		E595F2C72730358A003013B3 /* Resources */ = {
			isa = PBXResourcesBuildPhase;
			buildActionMask = 2147483647;
			files = (
				E595F2D92730358C003013B3 /* LaunchScreen.storyboard in Resources */,
				E595F2D62730358C003013B3 /* Preview Assets.xcassets in Resources */,
				E595F2D32730358C003013B3 /* Assets.xcassets in Resources */,
			);
			runOnlyForDeploymentPostprocessing = 0;
		};
/* End PBXResourcesBuildPhase section */

/* Begin PBXShellScriptBuildPhase section */
		43B99F7B3B410EF8D5C0082E /* [CP] Embed Pods Frameworks */ = {
			isa = PBXShellScriptBuildPhase;
			buildActionMask = 2147483647;
			files = (
			);
			inputFileListPaths = (
				"${PODS_ROOT}/Target Support Files/Pods-TerraChallenge/Pods-TerraChallenge-frameworks-${CONFIGURATION}-input-files.xcfilelist",
			);
			name = "[CP] Embed Pods Frameworks";
			outputFileListPaths = (
				"${PODS_ROOT}/Target Support Files/Pods-TerraChallenge/Pods-TerraChallenge-frameworks-${CONFIGURATION}-output-files.xcfilelist",
			);
			runOnlyForDeploymentPostprocessing = 0;
			shellPath = /bin/sh;
			shellScript = "\"${PODS_ROOT}/Target Support Files/Pods-TerraChallenge/Pods-TerraChallenge-frameworks.sh\"\n";
			showEnvVarsInLog = 0;
		};
		C03EB7CE4B8DBD620D19BA86 /* [CP] Check Pods Manifest.lock */ = {
			isa = PBXShellScriptBuildPhase;
			buildActionMask = 2147483647;
			files = (
			);
			inputFileListPaths = (
			);
			inputPaths = (
				"${PODS_PODFILE_DIR_PATH}/Podfile.lock",
				"${PODS_ROOT}/Manifest.lock",
			);
			name = "[CP] Check Pods Manifest.lock";
			outputFileListPaths = (
			);
			outputPaths = (
				"$(DERIVED_FILE_DIR)/Pods-TerraChallenge-checkManifestLockResult.txt",
			);
			runOnlyForDeploymentPostprocessing = 0;
			shellPath = /bin/sh;
			shellScript = "diff \"${PODS_PODFILE_DIR_PATH}/Podfile.lock\" \"${PODS_ROOT}/Manifest.lock\" > /dev/null\nif [ $? != 0 ] ; then\n    # print error to STDERR\n    echo \"error: The sandbox is not in sync with the Podfile.lock. Run 'pod install' or update your CocoaPods installation.\" >&2\n    exit 1\nfi\n# This output is used by Xcode 'outputs' to avoid re-running this script phase.\necho \"SUCCESS\" > \"${SCRIPT_OUTPUT_FILE_0}\"\n";
			showEnvVarsInLog = 0;
		};
/* End PBXShellScriptBuildPhase section */

/* Begin PBXSourcesBuildPhase section */
		E595F2C52730358A003013B3 /* Sources */ = {
			isa = PBXSourcesBuildPhase;
			buildActionMask = 2147483647;
			files = (
				E54DDE27273037A300A23FA0 /* BarChart.swift in Sources */,
				E595F2CD2730358A003013B3 /* AppDelegate.swift in Sources */,
				E595F2CF2730358A003013B3 /* SceneDelegate.swift in Sources */,
				E55DA8A82731A2D0009EEE19 /* Calories.swift in Sources */,
				E54DDE3027304C6400A23FA0 /* Credentials.swift in Sources */,
				E55DA8A62731A2C6009EEE19 /* Distance.swift in Sources */,
				E55DA8AA2731A31F009EEE19 /* OtherData.swift in Sources */,
				E55DA8AC2731A32E009EEE19 /* DailyData.swift in Sources */,
				E55DA89A273196A8009EEE19 /* SummaryCard.swift in Sources */,
				E55DA8A02731A28D009EEE19 /* Stress.swift in Sources */,
				E55DA8A22731A2A3009EEE19 /* MET.swift in Sources */,
				E55DA8B02731AA68009EEE19 /* Functions.swift in Sources */,
				E54DDE2E27304C3900A23FA0 /* HTTPRequest.swift in Sources */,
				E55DA89E2731A280009EEE19 /* Activity.swift in Sources */,
				E54DDE2C2730485D00A23FA0 /* Objects.swift in Sources */,
				E55DA8A42731A2B6009EEE19 /* HeartRate.swift in Sources */,
				E55DA8AE2731A337009EEE19 /* APIs.swift in Sources */,
				E595F2D12730358A003013B3 /* ContentView.swift in Sources */,
			);
			runOnlyForDeploymentPostprocessing = 0;
		};
/* End PBXSourcesBuildPhase section */

/* Begin PBXVariantGroup section */
		E595F2D72730358C003013B3 /* LaunchScreen.storyboard */ = {
			isa = PBXVariantGroup;
			children = (
				E595F2D82730358C003013B3 /* Base */,
			);
			name = LaunchScreen.storyboard;
			sourceTree = "<group>";
		};
/* End PBXVariantGroup section */

/* Begin XCBuildConfiguration section */
		E595F2DB2730358C003013B3 /* Debug */ = {
			isa = XCBuildConfiguration;
			buildSettings = {
				ALWAYS_SEARCH_USER_PATHS = NO;
				CLANG_ANALYZER_NONNULL = YES;
				CLANG_ANALYZER_NUMBER_OBJECT_CONVERSION = YES_AGGRESSIVE;
				CLANG_CXX_LANGUAGE_STANDARD = "gnu++14";
				CLANG_CXX_LIBRARY = "libc++";
				CLANG_ENABLE_MODULES = YES;
				CLANG_ENABLE_OBJC_ARC = YES;
				CLANG_ENABLE_OBJC_WEAK = YES;
				CLANG_WARN_BLOCK_CAPTURE_AUTORELEASING = YES;
				CLANG_WARN_BOOL_CONVERSION = YES;
				CLANG_WARN_COMMA = YES;
				CLANG_WARN_CONSTANT_CONVERSION = YES;
				CLANG_WARN_DEPRECATED_OBJC_IMPLEMENTATIONS = YES;
				CLANG_WARN_DIRECT_OBJC_ISA_USAGE = YES_ERROR;
				CLANG_WARN_DOCUMENTATION_COMMENTS = YES;
				CLANG_WARN_EMPTY_BODY = YES;
				CLANG_WARN_ENUM_CONVERSION = YES;
				CLANG_WARN_INFINITE_RECURSION = YES;
				CLANG_WARN_INT_CONVERSION = YES;
				CLANG_WARN_NON_LITERAL_NULL_CONVERSION = YES;
				CLANG_WARN_OBJC_IMPLICIT_RETAIN_SELF = YES;
				CLANG_WARN_OBJC_LITERAL_CONVERSION = YES;
				CLANG_WARN_OBJC_ROOT_CLASS = YES_ERROR;
				CLANG_WARN_QUOTED_INCLUDE_IN_FRAMEWORK_HEADER = YES;
				CLANG_WARN_RANGE_LOOP_ANALYSIS = YES;
				CLANG_WARN_STRICT_PROTOTYPES = YES;
				CLANG_WARN_SUSPICIOUS_MOVE = YES;
				CLANG_WARN_UNGUARDED_AVAILABILITY = YES_AGGRESSIVE;
				CLANG_WARN_UNREACHABLE_CODE = YES;
				CLANG_WARN__DUPLICATE_METHOD_MATCH = YES;
				COPY_PHASE_STRIP = NO;
				DEBUG_INFORMATION_FORMAT = dwarf;
				ENABLE_STRICT_OBJC_MSGSEND = YES;
				ENABLE_TESTABILITY = YES;
				GCC_C_LANGUAGE_STANDARD = gnu11;
				GCC_DYNAMIC_NO_PIC = NO;
				GCC_NO_COMMON_BLOCKS = YES;
				GCC_OPTIMIZATION_LEVEL = 0;
				GCC_PREPROCESSOR_DEFINITIONS = (
					"DEBUG=1",
					"$(inherited)",
				);
				GCC_WARN_64_TO_32_BIT_CONVERSION = YES;
				GCC_WARN_ABOUT_RETURN_TYPE = YES_ERROR;
				GCC_WARN_UNDECLARED_SELECTOR = YES;
				GCC_WARN_UNINITIALIZED_AUTOS = YES_AGGRESSIVE;
				GCC_WARN_UNUSED_FUNCTION = YES;
				GCC_WARN_UNUSED_VARIABLE = YES;
				IPHONEOS_DEPLOYMENT_TARGET = 14.5;
				MTL_ENABLE_DEBUG_INFO = INCLUDE_SOURCE;
				MTL_FAST_MATH = YES;
				ONLY_ACTIVE_ARCH = YES;
				SDKROOT = iphoneos;
				SWIFT_ACTIVE_COMPILATION_CONDITIONS = DEBUG;
				SWIFT_OPTIMIZATION_LEVEL = "-Onone";
			};
			name = Debug;
		};
		E595F2DC2730358C003013B3 /* Release */ = {
			isa = XCBuildConfiguration;
			buildSettings = {
				ALWAYS_SEARCH_USER_PATHS = NO;
				CLANG_ANALYZER_NONNULL = YES;
				CLANG_ANALYZER_NUMBER_OBJECT_CONVERSION = YES_AGGRESSIVE;
				CLANG_CXX_LANGUAGE_STANDARD = "gnu++14";
				CLANG_CXX_LIBRARY = "libc++";
				CLANG_ENABLE_MODULES = YES;
				CLANG_ENABLE_OBJC_ARC = YES;
				CLANG_ENABLE_OBJC_WEAK = YES;
				CLANG_WARN_BLOCK_CAPTURE_AUTORELEASING = YES;
				CLANG_WARN_BOOL_CONVERSION = YES;
				CLANG_WARN_COMMA = YES;
				CLANG_WARN_CONSTANT_CONVERSION = YES;
				CLANG_WARN_DEPRECATED_OBJC_IMPLEMENTATIONS = YES;
				CLANG_WARN_DIRECT_OBJC_ISA_USAGE = YES_ERROR;
				CLANG_WARN_DOCUMENTATION_COMMENTS = YES;
				CLANG_WARN_EMPTY_BODY = YES;
				CLANG_WARN_ENUM_CONVERSION = YES;
				CLANG_WARN_INFINITE_RECURSION = YES;
				CLANG_WARN_INT_CONVERSION = YES;
				CLANG_WARN_NON_LITERAL_NULL_CONVERSION = YES;
				CLANG_WARN_OBJC_IMPLICIT_RETAIN_SELF = YES;
				CLANG_WARN_OBJC_LITERAL_CONVERSION = YES;
				CLANG_WARN_OBJC_ROOT_CLASS = YES_ERROR;
				CLANG_WARN_QUOTED_INCLUDE_IN_FRAMEWORK_HEADER = YES;
				CLANG_WARN_RANGE_LOOP_ANALYSIS = YES;
				CLANG_WARN_STRICT_PROTOTYPES = YES;
				CLANG_WARN_SUSPICIOUS_MOVE = YES;
				CLANG_WARN_UNGUARDED_AVAILABILITY = YES_AGGRESSIVE;
				CLANG_WARN_UNREACHABLE_CODE = YES;
				CLANG_WARN__DUPLICATE_METHOD_MATCH = YES;
				COPY_PHASE_STRIP = NO;
				DEBUG_INFORMATION_FORMAT = "dwarf-with-dsym";
				ENABLE_NS_ASSERTIONS = NO;
				ENABLE_STRICT_OBJC_MSGSEND = YES;
				GCC_C_LANGUAGE_STANDARD = gnu11;
				GCC_NO_COMMON_BLOCKS = YES;
				GCC_WARN_64_TO_32_BIT_CONVERSION = YES;
				GCC_WARN_ABOUT_RETURN_TYPE = YES_ERROR;
				GCC_WARN_UNDECLARED_SELECTOR = YES;
				GCC_WARN_UNINITIALIZED_AUTOS = YES_AGGRESSIVE;
				GCC_WARN_UNUSED_FUNCTION = YES;
				GCC_WARN_UNUSED_VARIABLE = YES;
				IPHONEOS_DEPLOYMENT_TARGET = 14.5;
				MTL_ENABLE_DEBUG_INFO = NO;
				MTL_FAST_MATH = YES;
				SDKROOT = iphoneos;
				SWIFT_COMPILATION_MODE = wholemodule;
				SWIFT_OPTIMIZATION_LEVEL = "-O";
				VALIDATE_PRODUCT = YES;
			};
			name = Release;
		};
		E595F2DE2730358C003013B3 /* Debug */ = {
			isa = XCBuildConfiguration;
			baseConfigurationReference = 0C62E3824FEB2A360B320A53 /* Pods-TerraChallenge.debug.xcconfig */;
			buildSettings = {
				ASSETCATALOG_COMPILER_APPICON_NAME = AppIcon;
				ASSETCATALOG_COMPILER_GLOBAL_ACCENT_COLOR_NAME = AccentColor;
				CODE_SIGN_STYLE = Automatic;
				DEVELOPMENT_ASSET_PATHS = "\"TerraChallenge/Preview Content\"";
				DEVELOPMENT_TEAM = XZTCHPV389;
				ENABLE_PREVIEWS = YES;
				INFOPLIST_FILE = TerraChallenge/Info.plist;
				LD_RUNPATH_SEARCH_PATHS = (
					"$(inherited)",
					"@executable_path/Frameworks",
				);
				PRODUCT_BUNDLE_IDENTIFIER = com.jaafarrammal.TerraChallenge;
				PRODUCT_NAME = "$(TARGET_NAME)";
				SWIFT_VERSION = 5.0;
				TARGETED_DEVICE_FAMILY = "1,2";
			};
			name = Debug;
		};
		E595F2DF2730358C003013B3 /* Release */ = {
			isa = XCBuildConfiguration;
			baseConfigurationReference = 2360FE735C6EA4E0E7A9C9DF /* Pods-TerraChallenge.release.xcconfig */;
			buildSettings = {
				ASSETCATALOG_COMPILER_APPICON_NAME = AppIcon;
				ASSETCATALOG_COMPILER_GLOBAL_ACCENT_COLOR_NAME = AccentColor;
				CODE_SIGN_STYLE = Automatic;
				DEVELOPMENT_ASSET_PATHS = "\"TerraChallenge/Preview Content\"";
				DEVELOPMENT_TEAM = XZTCHPV389;
				ENABLE_PREVIEWS = YES;
				INFOPLIST_FILE = TerraChallenge/Info.plist;
				LD_RUNPATH_SEARCH_PATHS = (
					"$(inherited)",
					"@executable_path/Frameworks",
				);
				PRODUCT_BUNDLE_IDENTIFIER = com.jaafarrammal.TerraChallenge;
				PRODUCT_NAME = "$(TARGET_NAME)";
				SWIFT_VERSION = 5.0;
				TARGETED_DEVICE_FAMILY = "1,2";
			};
			name = Release;
		};
/* End XCBuildConfiguration section */

/* Begin XCConfigurationList section */
		E595F2C42730358A003013B3 /* Build configuration list for PBXProject "TerraChallenge" */ = {
			isa = XCConfigurationList;
			buildConfigurations = (
				E595F2DB2730358C003013B3 /* Debug */,
				E595F2DC2730358C003013B3 /* Release */,
			);
			defaultConfigurationIsVisible = 0;
			defaultConfigurationName = Release;
		};
		E595F2DD2730358C003013B3 /* Build configuration list for PBXNativeTarget "TerraChallenge" */ = {
			isa = XCConfigurationList;
			buildConfigurations = (
				E595F2DE2730358C003013B3 /* Debug */,
				E595F2DF2730358C003013B3 /* Release */,
			);
			defaultConfigurationIsVisible = 0;
			defaultConfigurationName = Release;
		};
/* End XCConfigurationList section */
	};
	rootObject = E595F2C12730358A003013B3 /* Project object */;
}
